{
  "name": "chrome-extension-typescript-starter",
  "version": "1.0.0",
  "lockfileVersion": 2,
  "requires": true,
  "packages": {
    "": {
      "name": "chrome-extension-typescript-starter",
      "version": "1.0.0",
      "license": "ISC",
      "dependencies": {
        "moment": "^2.17.0"
      },
      "devDependencies": {
        "@types/chrome": "0.0.35",
        "@types/jqueryui": "^1.12.15",
        "typescript": "^2.0.10"
      }
    },
    "node_modules/@types/chrome": {
      "version": "0.0.35",
      "resolved": "https://registry.npmjs.org/@types/chrome/-/chrome-0.0.35.tgz",
      "integrity": "sha1-rDGPtqfSeV/Mj6sO25cSqMoYgZQ=",
      "dev": true,
      "license": "MIT",
      "dependencies": {
        "@types/filesystem": "*"
      }
    },
    "node_modules/@types/filesystem": {
      "version": "0.0.30",
      "resolved": "https://registry.npmjs.org/@types/filesystem/-/filesystem-0.0.30.tgz",
      "integrity": "sha512-NCoRgmGmLpTT9VFL6Bb6z0jQuqI3d0E5FGl7M0JOv/J5RQYo9s5aOItPYnpckx9MbYQk1APLXcF8f20Vqnf2yA==",
      "dev": true,
      "dependencies": {
        "@types/filewriter": "*"
      }
    },
    "node_modules/@types/filewriter": {
      "version": "0.0.29",
      "resolved": "https://registry.npmjs.org/@types/filewriter/-/filewriter-0.0.29.tgz",
      "integrity": "sha512-BsPXH/irW0ht0Ji6iw/jJaK8Lj3FJemon2gvEqHKpCdDCeemHa+rI3WBGq5z7cDMZgoLjY40oninGxqk+8NzNQ==",
      "dev": true
    },
    "node_modules/@types/jquery": {
      "version": "3.5.5",
      "resolved": "https://registry.npmjs.org/@types/jquery/-/jquery-3.5.5.tgz",
      "integrity": "sha512-6RXU9Xzpc6vxNrS6FPPapN1SxSHgQ336WC6Jj/N8q30OiaBZ00l1GBgeP7usjVZPivSkGUfL1z/WW6TX989M+w==",
      "dev": true,
      "dependencies": {
        "@types/sizzle": "*"
      }
    },
    "node_modules/@types/jqueryui": {
      "version": "1.12.15",
      "resolved": "https://registry.npmjs.org/@types/jqueryui/-/jqueryui-1.12.15.tgz",
      "integrity": "sha512-993YPaPj06yrUB1GOLZukmryIbA+blkrUzF+TZfP0BkLFnz+JA6H1pde4FtxYpDilgt9o/iPYEpN2KT0MMTNfg==",
      "dev": true,
      "dependencies": {
        "@types/jquery": "*"
      }
    },
    "node_modules/@types/sizzle": {
      "version": "2.3.2",
      "resolved": "https://registry.npmjs.org/@types/sizzle/-/sizzle-2.3.2.tgz",
      "integrity": "sha512-7EJYyKTL7tFR8+gDbB6Wwz/arpGa0Mywk1TJbNzKzHtzbwVmY4HR9WqS5VV7dsBUKQmPNr192jHr/VpBluj/hg==",
      "dev": true
    },
    "node_modules/moment": {
      "version": "2.29.1",
      "resolved": "https://registry.npmjs.org/moment/-/moment-2.29.1.tgz",
      "integrity": "sha512-kHmoybcPV8Sqy59DwNDY3Jefr64lK/by/da0ViFcuA4DH0vQg5Q6Ze5VimxkfQNSC+Mls/Kx53s7TjP1RhFEDQ==",
      "engines": {
        "node": "*"
      }
    },
    "node_modules/typescript": {
      "version": "2.9.2",
      "resolved": "https://registry.npmjs.org/typescript/-/typescript-2.9.2.tgz",
      "integrity": "sha512-Gr4p6nFNaoufRIY4NMdpQRNmgxVIGMs4Fcu/ujdYk3nAZqk7supzBE9idmvfZIlH/Cuj//dvi+019qEue9lV0w==",
      "dev": true,
      "bin": {
        "tsc": "bin/tsc",
        "tsserver": "bin/tsserver"
      },
      "engines": {
        "node": ">=4.2.0"
      }
    }
  },
  "dependencies": {
    "@types/chrome": {
      "version": "0.0.35",
      "resolved": "https://registry.npmjs.org/@types/chrome/-/chrome-0.0.35.tgz",
      "integrity": "sha1-rDGPtqfSeV/Mj6sO25cSqMoYgZQ=",
      "dev": true,
      "requires": {
        "@types/filesystem": "*"
      }
    },
    "@types/filesystem": {
      "version": "0.0.30",
      "resolved": "https://registry.npmjs.org/@types/filesystem/-/filesystem-0.0.30.tgz",
      "integrity": "sha512-NCoRgmGmLpTT9VFL6Bb6z0jQuqI3d0E5FGl7M0JOv/J5RQYo9s5aOItPYnpckx9MbYQk1APLXcF8f20Vqnf2yA==",
      "dev": true,
      "requires": {
        "@types/filewriter": "*"
      }
    },
    "@types/filewriter": {
      "version": "0.0.29",
      "resolved": "https://registry.npmjs.org/@types/filewriter/-/filewriter-0.0.29.tgz",
      "integrity": "sha512-BsPXH/irW0ht0Ji6iw/jJaK8Lj3FJemon2gvEqHKpCdDCeemHa+rI3WBGq5z7cDMZgoLjY40oninGxqk+8NzNQ==",
      "dev": true
    },
    "@types/jquery": {
      "version": "3.5.5",
      "resolved": "https://registry.npmjs.org/@types/jquery/-/jquery-3.5.5.tgz",
      "integrity": "sha512-6RXU9Xzpc6vxNrS6FPPapN1SxSHgQ336WC6Jj/N8q30OiaBZ00l1GBgeP7usjVZPivSkGUfL1z/WW6TX989M+w==",
      "dev": true,
      "requires": {
        "@types/sizzle": "*"
      }
    },
    "@types/jqueryui": {
      "version": "1.12.15",
      "resolved": "https://registry.npmjs.org/@types/jqueryui/-/jqueryui-1.12.15.tgz",
      "integrity": "sha512-993YPaPj06yrUB1GOLZukmryIbA+blkrUzF+TZfP0BkLFnz+JA6H1pde4FtxYpDilgt9o/iPYEpN2KT0MMTNfg==",
      "dev": true,
      "requires": {
        "@types/jquery": "*"
      }
    },
    "@types/sizzle": {
      "version": "2.3.2",
      "resolved": "https://registry.npmjs.org/@types/sizzle/-/sizzle-2.3.2.tgz",
      "integrity": "sha512-7EJYyKTL7tFR8+gDbB6Wwz/arpGa0Mywk1TJbNzKzHtzbwVmY4HR9WqS5VV7dsBUKQmPNr192jHr/VpBluj/hg==",
      "dev": true
    },
    "moment": {
      "version": "2.29.1",
      "resolved": "https://registry.npmjs.org/moment/-/moment-2.29.1.tgz",
      "integrity": "sha512-kHmoybcPV8Sqy59DwNDY3Jefr64lK/by/da0ViFcuA4DH0vQg5Q6Ze5VimxkfQNSC+Mls/Kx53s7TjP1RhFEDQ=="
    },
    "typescript": {
      "version": "2.9.2",
      "resolved": "https://registry.npmjs.org/typescript/-/typescript-2.9.2.tgz",
      "integrity": "sha512-Gr4p6nFNaoufRIY4NMdpQRNmgxVIGMs4Fcu/ujdYk3nAZqk7supzBE9idmvfZIlH/Cuj//dvi+019qEue9lV0w==",
      "dev": true
    }
  }
}
